// !$*UTF8*$!
{
	archiveVersion = 1;
	classes = {
	};
	objectVersion = 46;
	objects = {

/* Begin PBXBuildFile section */
		FF754D851DA670A000A0BAB9 /* AppDelegate.swift in Sources */ = {isa = PBXBuildFile; fileRef = FF754D841DA670A000A0BAB9 /* AppDelegate.swift */; };
		FF754D871DA670A000A0BAB9 /* ViewController.swift in Sources */ = {isa = PBXBuildFile; fileRef = FF754D861DA670A000A0BAB9 /* ViewController.swift */; };
		FF754D8A1DA670A000A0BAB9 /* Main.storyboard in Resources */ = {isa = PBXBuildFile; fileRef = FF754D881DA670A000A0BAB9 /* Main.storyboard */; };
		FF754D8C1DA670A000A0BAB9 /* Assets.xcassets in Resources */ = {isa = PBXBuildFile; fileRef = FF754D8B1DA670A000A0BAB9 /* Assets.xcassets */; };
		FF754D8F1DA670A000A0BAB9 /* LaunchScreen.storyboard in Resources */ = {isa = PBXBuildFile; fileRef = FF754D8D1DA670A000A0BAB9 /* LaunchScreen.storyboard */; };
/* End PBXBuildFile section */

/* Begin PBXFileReference section */
		FF754D811DA670A000A0BAB9 /* BadinList.app */ = {isa = PBXFileReference; explicitFileType = wrapper.application; includeInIndex = 0; path = BadinList.app; sourceTree = BUILT_PRODUCTS_DIR; };
		FF754D841DA670A000A0BAB9 /* AppDelegate.swift */ = {isa = PBXFileReference; lastKnownFileType = sourcecode.swift; path = AppDelegate.swift; sourceTree = "<group>"; };
		FF754D861DA670A000A0BAB9 /* ViewController.swift */ = {isa = PBXFileReference; lastKnownFileType = sourcecode.swift; path = ViewController.swift; sourceTree = "<group>"; };
		FF754D891DA670A000A0BAB9 /* Base */ = {isa = PBXFileReference; lastKnownFileType = file.storyboard; name = Base; path = Base.lproj/Main.storyboard; sourceTree = "<group>"; };
		FF754D8B1DA670A000A0BAB9 /* Assets.xcassets */ = {isa = PBXFileReference; lastKnownFileType = folder.assetcatalog; path = Assets.xcassets; sourceTree = "<group>"; };
		FF754D8E1DA670A000A0BAB9 /* Base */ = {isa = PBXFileReference; lastKnownFileType = file.storyboard; name = Base; path = Base.lproj/LaunchScreen.storyboard; sourceTree = "<group>"; };
		FF754D901DA670A000A0BAB9 /* Info.plist */ = {isa = PBXFileReference; lastKnownFileType = text.plist.xml; path = Info.plist; sourceTree = "<group>"; };
/* End PBXFileReference section */

/* Begin PBXFrameworksBuildPhase section */
		FF754D7E1DA670A000A0BAB9 /* Frameworks */ = {
			isa = PBXFrameworksBuildPhase;
			buildActionMask = 2147483647;
			files = (
			);
			runOnlyForDeploymentPostprocessing = 0;
		};
/* End PBXFrameworksBuildPhase section */

/* Begin PBXGroup section */
		FF754D781DA670A000A0BAB9 = {
			isa = PBXGroup;
			children = (
				FF754D831DA670A000A0BAB9 /* BadinList */,
				FF754D821DA670A000A0BAB9 /* Products */,
			);
			sourceTree = "<group>";
		};
		FF754D821DA670A000A0BAB9 /* Products */ = {
			isa = PBXGroup;
			children = (
				FF754D811DA670A000A0BAB9 /* BadinList.app */,
			);
			name = Products;
			sourceTree = "<group>";
		};
		FF754D831DA670A000A0BAB9 /* BadinList */ = {
			isa = PBXGroup;
			children = (
				FF754D841DA670A000A0BAB9 /* AppDelegate.swift */,
				FF754D861DA670A000A0BAB9 /* ViewController.swift */,
				FF754D881DA670A000A0BAB9 /* Main.storyboard */,
				FF754D8B1DA670A000A0BAB9 /* Assets.xcassets */,
				FF754D8D1DA670A000A0BAB9 /* LaunchScreen.storyboard */,
				FF754D901DA670A000A0BAB9 /* Info.plist */,
			);
			path = BadinList;
			sourceTree = "<group>";
		};
/* End PBXGroup section */

/* Begin PBXNativeTarget section */
		FF754D801DA670A000A0BAB9 /* BadinList */ = {
			isa = PBXNativeTarget;
			buildConfigurationList = FF754D931DA670A000A0BAB9 /* Build configuration list for PBXNativeTarget "BadinList" */;
			buildPhases = (
				FF754D7D1DA670A000A0BAB9 /* Sources */,
				FF754D7E1DA670A000A0BAB9 /* Frameworks */,
				FF754D7F1DA670A000A0BAB9 /* Resources */,
			);
			buildRules = (
			);
			dependencies = (
			);
			name = BadinList;
			productName = BadinList;
			productReference = FF754D811DA670A000A0BAB9 /* BadinList.app */;
			productType = "com.apple.product-type.application";
		};
/* End PBXNativeTarget section */

/* Begin PBXProject section */
		FF754D791DA670A000A0BAB9 /* Project object */ = {
			isa = PBXProject;
			attributes = {
				LastSwiftUpdateCheck = 0800;
				LastUpgradeCheck = 0800;
				ORGANIZATIONNAME = BHSRam6;
				TargetAttributes = {
					FF754D801DA670A000A0BAB9 = {
						CreatedOnToolsVersion = 8.0;
						ProvisioningStyle = Automatic;
					};
				};
			};
			buildConfigurationList = FF754D7C1DA670A000A0BAB9 /* Build configuration list for PBXProject "BadinList" */;
			compatibilityVersion = "Xcode 3.2";
			developmentRegion = English;
			hasScannedForEncodings = 0;
			knownRegions = (
				en,
				Base,
			);
			mainGroup = FF754D781DA670A000A0BAB9;
			productRefGroup = FF754D821DA670A000A0BAB9 /* Products */;
			projectDirPath = "";
			projectRoot = "";
			targets = (
				FF754D801DA670A000A0BAB9 /* BadinList */,
			);
		};
/* End PBXProject section */

/* Begin PBXResourcesBuildPhase section */
		FF754D7F1DA670A000A0BAB9 /* Resources */ = {
			isa = PBXResourcesBuildPhase;
			buildActionMask = 2147483647;
			files = (
				FF754D8F1DA670A000A0BAB9 /* LaunchScreen.storyboard in Resources */,
				FF754D8C1DA670A000A0BAB9 /* Assets.xcassets in Resources */,
				FF754D8A1DA670A000A0BAB9 /* Main.storyboard in Resources */,
			);
			runOnlyForDeploymentPostprocessing = 0;
		};
/* End PBXResourcesBuildPhase section */

/* Begin PBXSourcesBuildPhase section */
		FF754D7D1DA670A000A0BAB9 /* Sources */ = {
			isa = PBXSourcesBuildPhase;
			buildActionMask = 2147483647;
			files = (
				FF754D871DA670A000A0BAB9 /* ViewController.swift in Sources */,
				FF754D851DA670A000A0BAB9 /* AppDelegate.swift in Sources */,
			);
			runOnlyForDeploymentPostprocessing = 0;
		};
/* End PBXSourcesBuildPhase section */

/* Begin PBXVariantGroup section */
		FF754D881DA670A000A0BAB9 /* Main.storyboard */ = {
			isa = PBXVariantGroup;
			children = (
				FF754D891DA670A000A0BAB9 /* Base */,
			);
			name = Main.storyboard;
			sourceTree = "<group>";
		};
		FF754D8D1DA670A000A0BAB9 /* LaunchScreen.storyboard */ = {
			isa = PBXVariantGroup;
			children = (
				FF754D8E1DA670A000A0BAB9 /* Base */,
			);
			name = LaunchScreen.storyboard;
			sourceTree = "<group>";
		};
/* End PBXVariantGroup section */

/* Begin XCBuildConfiguration section */
		FF754D911DA670A000A0BAB9 /* Debug */ = {
			isa = XCBuildConfiguration;
			buildSettings = {
				ALWAYS_SEARCH_USER_PATHS = NO;
				CLANG_ANALYZER_NONNULL = YES;
				CLANG_CXX_LANGUAGE_STANDARD = "gnu++0x";
				CLANG_CXX_LIBRARY = "libc++";
				CLANG_ENABLE_MODULES = YES;
				CLANG_ENABLE_OBJC_ARC = YES;
				CLANG_WARN_BOOL_CONVERSION = YES;
				CLANG_WARN_CONSTANT_CONVERSION = YES;
				CLANG_WARN_DIRECT_OBJC_ISA_USAGE = YES_ERROR;
				CLANG_WARN_DOCUMENTATION_COMMENTS = YES;
				CLANG_WARN_EMPTY_BODY = YES;
				CLANG_WARN_ENUM_CONVERSION = YES;
				CLANG_WARN_INFINITE_RECURSION = YES;
				CLANG_WARN_INT_CONVERSION = YES;
				CLANG_WARN_OBJC_ROOT_CLASS = YES_ERROR;
				CLANG_WARN_SUSPICIOUS_MOVES = YES;
				CLANG_WARN_UNREACHABLE_CODE = YES;
				CLANG_WARN__DUPLICATE_METHOD_MATCH = YES;
				"CODE_SIGN_IDENTITY[sdk=iphoneos*]" = "iPhone Developer";
				COPY_PHASE_STRIP = NO;
				DEBUG_INFORMATION_FORMAT = dwarf;
				ENABLE_STRICT_OBJC_MSGSEND = YES;
				ENABLE_TESTABILITY = YES;
				GCC_C_LANGUAGE_STANDARD = gnu99;
				GCC_DYNAMIC_NO_PIC = NO;
				GCC_NO_COMMON_BLOCKS = YES;
				GCC_OPTIMIZATION_LEVEL = 0;
				GCC_PREPROCESSOR_DEFINITIONS = (
					"DEBUG=1",
					"$(inherited)",
				);
				GCC_WARN_64_TO_32_BIT_CONVERSION = YES;
				GCC_WARN_ABOUT_RETURN_TYPE = YES_ERROR;
				GCC_WARN_UNDECLARED_SELECTOR = YES;
				GCC_WARN_UNINITIALIZED_AUTOS = YES_AGGRESSIVE;
				GCC_WARN_UNUSED_FUNCTION = YES;
				GCC_WARN_UNUSED_VARIABLE = YES;
				IPHONEOS_DEPLOYMENT_TARGET = 10.0;
				MTL_ENABLE_DEBUG_INFO = YES;
				ONLY_ACTIVE_ARCH = YES;
				SDKROOT = iphoneos;
				SWIFT_ACTIVE_COMPILATION_CONDITIONS = DEBUG;
				SWIFT_OPTIMIZATION_LEVEL = "-Onone";
				TARGETED_DEVICE_FAMILY = "1,2";
			};
			name = Debug;
		};
		FF754D921DA670A000A0BAB9 /* Release */ = {
			isa = XCBuildConfiguration;
			buildSettings = {
				ALWAYS_SEARCH_USER_PATHS = NO;
				CLANG_ANALYZER_NONNULL = YES;
				CLANG_CXX_LANGUAGE_STANDARD = "gnu++0x";
				CLANG_CXX_LIBRARY = "libc++";
				CLANG_ENABLE_MODULES = YES;
				CLANG_ENABLE_OBJC_ARC = YES;
				CLANG_WARN_BOOL_CONVERSION = YES;
				CLANG_WARN_CONSTANT_CONVERSION = YES;
				CLANG_WARN_DIRECT_OBJC_ISA_USAGE = YES_ERROR;
				CLANG_WARN_DOCUMENTATION_COMMENTS = YES;
				CLANG_WARN_EMPTY_BODY = YES;
				CLANG_WARN_ENUM_CONVERSION = YES;
				CLANG_WARN_INFINITE_RECURSION = YES;
				CLANG_WARN_INT_CONVERSION = YES;
				CLANG_WARN_OBJC_ROOT_CLASS = YES_ERROR;
				CLANG_WARN_SUSPICIOUS_MOVES = YES;
				CLANG_WARN_UNREACHABLE_CODE = YES;
				CLANG_WARN__DUPLICATE_METHOD_MATCH = YES;
				"CODE_SIGN_IDENTITY[sdk=iphoneos*]" = "iPhone Developer";
				COPY_PHASE_STRIP = NO;
				DEBUG_INFORMATION_FORMAT = "dwarf-with-dsym";
				ENABLE_NS_ASSERTIONS = NO;
				ENABLE_STRICT_OBJC_MSGSEND = YES;
				GCC_C_LANGUAGE_STANDARD = gnu99;
				GCC_NO_COMMON_BLOCKS = YES;
				GCC_WARN_64_TO_32_BIT_CONVERSION = YES;
				GCC_WARN_ABOUT_RETURN_TYPE = YES_ERROR;
				GCC_WARN_UNDECLARED_SELECTOR = YES;
				GCC_WARN_UNINITIALIZED_AUTOS = YES_AGGRESSIVE;
				GCC_WARN_UNUSED_FUNCTION = YES;
				GCC_WARN_UNUSED_VARIABLE = YES;
				IPHONEOS_DEPLOYMENT_TARGET = 10.0;
				MTL_ENABLE_DEBUG_INFO = NO;
				SDKROOT = iphoneos;
				SWIFT_OPTIMIZATION_LEVEL = "-Owholemodule";
				TARGETED_DEVICE_FAMILY = "1,2";
				VALIDATE_PRODUCT = YES;
			};
			name = Release;
		};
		FF754D941DA670A000A0BAB9 /* Debug */ = {
			isa = XCBuildConfiguration;
			buildSettings = {
				ASSETCATALOG_COMPILER_APPICON_NAME = AppIcon;
				INFOPLIST_FILE = BadinList/Info.plist;
				LD_RUNPATH_SEARCH_PATHS = "$(inherited) @executable_path/Frameworks";
				PRODUCT_BUNDLE_IDENTIFIER = Badin.BadinList;
				PRODUCT_NAME = "$(TARGET_NAME)";
				SWIFT_VERSION = 3.0;
			};
			name = Debug;
		};
		FF754D951DA670A000A0BAB9 /* Release */ = {
			isa = XCBuildConfiguration;
			buildSettings = {
				ASSETCATALOG_COMPILER_APPICON_NAME = AppIcon;
				INFOPLIST_FILE = BadinList/Info.plist;
				LD_RUNPATH_SEARCH_PATHS = "$(inherited) @executable_path/Frameworks";
				PRODUCT_BUNDLE_IDENTIFIER = Badin.BadinList;
				PRODUCT_NAME = "$(TARGET_NAME)";
				SWIFT_VERSION = 3.0;
			};
			name = Release;
		};
/* End XCBuildConfiguration section */

/* Begin XCConfigurationList section */
		FF754D7C1DA670A000A0BAB9 /* Build configuration list for PBXProject "BadinList" */ = {
			isa = XCConfigurationList;
			buildConfigurations = (
				FF754D911DA670A000A0BAB9 /* Debug */,
				FF754D921DA670A000A0BAB9 /* Release */,
			);
			defaultConfigurationIsVisible = 0;
			defaultConfigurationName = Release;
		};
		FF754D931DA670A000A0BAB9 /* Build configuration list for PBXNativeTarget "BadinList" */ = {
			isa = XCConfigurationList;
			buildConfigurations = (
				FF754D941DA670A000A0BAB9 /* Debug */,
				FF754D951DA670A000A0BAB9 /* Release */,
			);
			defaultConfigurationIsVisible = 0;
		};
/* End XCConfigurationList section */
	};
	rootObject = FF754D791DA670A000A0BAB9 /* Project object */;
}
